{
  "name": "pn_compiler",
  "lockfileVersion": 3,
  "requires": true,
  "packages": {
    "": {
      "dependencies": {
        "cpp-merge": "^0.4.1"
      }
    },
    "node_modules/cpp-merge": {
      "version": "0.4.1",
      "resolved": "https://registry.npmjs.org/cpp-merge/-/cpp-merge-0.4.1.tgz",
      "integrity": "sha512-r1dsBFDwuxyVBwkXNQT6WtYdZX6bbC6ij6C4tyX00mfrQjCtAQUKDtxcxB4HDss1E4MzEbvtmEia3mPAxacvNw==",
      "license": "MIT",
      "bin": {
        "cpp-merge": "lib/cli.js"
      },
      "engines": {
        "node": ">=14"
      }
    }
  }
}
